{
  "name": "@dnb-org/all",
  "version": "3.4.22",
  "lockfileVersion": 2,
  "requires": true,
  "packages": {
    "": {
      "name": "@dnb-org/all",
      "version": "3.4.18",
      "license": "MIT",
      "dependencies": {
        "@dnb-org/babel-config": "file:../babel-config",
        "@dnb-org/bootstrap-config": "file:../bootstrap-config",
        "@dnb-org/browserslist-config": "file:../browserslist-config",
        "@dnb-org/commitlint-config": "file:../commitlint-config",
        "@dnb-org/cssnano-config": "file:../cssnano-config",
        "@dnb-org/cypress-config": "file:../cypress-config",
        "@dnb-org/eslint-config": "file:../eslint-config",
        "@dnb-org/postcss-config": "file:../postcss-config",
        "@dnb-org/standard-version-config": "file:../standard-version-config",
        "@dnb-org/stylelint-config": "file:../stylelint-config",
        "@dnb-org/tools": "file:../tools",
        "@dnb-org/webpack-config": "file:../webpack-config"
      },
      "engines": {
        "node": ">=16",
        "npm": ">=7"
      }
    },
    "../babel-config": {
      "version": "3.4.1",
      "license": "MIT",
      "dependencies": {
        "@babel/core": "7.16.0",
        "@babel/preset-env": "7.16.4"
      },
      "engines": {
        "node": ">=16",
        "npm": ">=7"
      }
    },
    "../bootstrap-config": {
      "version": "3.4.2",
      "license": "ISC",
      "dependencies": {
        "@popperjs/core": "2.11.0",
        "bootstrap": "5.1.3"
      },
      "engines": {
        "node": ">=16",
        "npm": ">=7"
      }
    },
    "../browserslist-config": {
      "version": "3.4.1",
      "license": "MIT",
      "dependencies": {
        "browserslist": "4.18.1"
      },
      "engines": {
        "node": ">=16",
        "npm": ">=7"
      }
    },
    "../commitlint-config": {
      "version": "3.4.2",
      "license": "MIT",
      "dependencies": {
        "@commitlint/cli": "15.0.0",
        "@commitlint/config-conventional": "15.0.0"
      },
      "engines": {
        "node": ">=16",
        "npm": ">=7"
      }
    },
    "../cssnano-config": {
      "version": "3.4.2",
      "license": "MIT",
      "dependencies": {
        "cssnano": "5.0.12"
      },
      "engines": {
        "node": ">=16",
        "npm": ">=7"
      }
    },
    "../cypress-config": {
      "version": "3.4.3",
      "license": "MIT",
      "dependencies": {
        "cypress": "9.1.0",
        "debug": "4.3.3",
        "deepmerge": "4.2.2"
      },
      "engines": {
        "node": ">=16",
        "npm": ">=7"
      }
    },
    "../eslint-config": {
      "version": "3.4.16",
      "license": "MIT",
      "dependencies": {
        "@typescript-eslint/eslint-plugin": "^5.5.0",
        "@typescript-eslint/parser": "^5.5.0",
        "eslint": "^8.3.0",
        "eslint-config-airbnb-base": "^15.0.0",
        "eslint-config-prettier": "^8.3.0",
        "eslint-plugin-anti-trojan-source": "^1.0.6",
        "eslint-plugin-compat": "^4.0.0",
        "eslint-plugin-html": "^6.2.0",
        "eslint-plugin-import": "^2.25.3",
        "eslint-plugin-markdown": "^2.2.1",
        "eslint-plugin-no-loops": "^0.3.0",
        "eslint-plugin-prettier": "^4.0.0",
        "eslint-plugin-sonarjs": "^0.11.0",
        "eslint-plugin-unicorn": "^39.0.0"
      },
      "engines": {
        "node": ">=16",
        "npm": ">=7"
      }
    },
    "../postcss-config": {
      "version": "3.4.2",
      "license": "MIT",
      "dependencies": {
        "@fullhuman/postcss-purgecss": "4.1.3",
        "autoprefixer": "10.4.0",
        "cssnano": "5.0.12",
        "postcss": "8.4.4",
        "postcss-cli": "9.0.2",
        "postcss-import": "14.0.2",
        "postcss-loader": "6.2.1",
        "postcss-nesting": "10.0.2",
        "postcss-preset-env": "7.0.1",
        "postcss-purgecss": "2.0.3"
      },
      "engines": {
        "node": ">=16",
        "npm": ">=7"
      }
    },
    "../standard-version-config": {
      "version": "3.4.1",
      "license": "MIT",
      "dependencies": {
        "standard-version": "9.3.2"
      },
      "engines": {
        "node": ">=16",
        "npm": ">=7"
      }
    },
    "../stylelint-config": {
      "version": "3.4.1",
      "license": "MIT",
      "dependencies": {
        "stylelint": "14.1.0",
        "stylelint-config-sass-guidelines": "9.0.1",
        "stylelint-no-unsupported-browser-features": "5.0.2",
        "stylelint-order": "5.0.0"
      },
      "engines": {
        "node": ">=16",
        "npm": ">=7"
      }
    },
    "../tools": {
      "version": "3.4.1",
      "license": "MIT",
      "dependencies": {
        "cross-env": "7.0.3",
        "fixpack": "4.0.0",
        "ncp": "2.0.0",
        "npm-run-all": "4.1.5",
        "replace-between": "0.0.8",
        "rimraf": "3.0.2"
      },
      "engines": {
        "node": ">=16",
        "npm": ">=7"
      }
    },
    "../webpack-config": {
      "version": "3.4.3",
      "license": "MIT",
      "dependencies": {
        "babel-loader": "8.2.3",
        "cross-env": "7.0.3",
        "css-loader": "6.5.1",
        "html-webpack-plugin": "5.5.0",
        "style-loader": "3.3.1",
        "terser-webpack-plugin": "5.2.5",
        "webpack": "5.64.4",
        "webpack-cli": "4.9.1",
        "webpack-merge": "5.8.0"
      },
      "engines": {
        "node": ">=16",
        "npm": ">=7"
      }
    },
    "node_modules/@dnb-org/babel-config": {
      "resolved": "../babel-config",
      "link": true
    },
    "node_modules/@dnb-org/bootstrap-config": {
      "resolved": "../bootstrap-config",
      "link": true
    },
    "node_modules/@dnb-org/browserslist-config": {
      "resolved": "../browserslist-config",
      "link": true
    },
    "node_modules/@dnb-org/commitlint-config": {
      "resolved": "../commitlint-config",
      "link": true
    },
    "node_modules/@dnb-org/cssnano-config": {
      "resolved": "../cssnano-config",
      "link": true
    },
    "node_modules/@dnb-org/cypress-config": {
      "resolved": "../cypress-config",
      "link": true
    },
    "node_modules/@dnb-org/eslint-config": {
      "resolved": "../eslint-config",
      "link": true
    },
    "node_modules/@dnb-org/postcss-config": {
      "resolved": "../postcss-config",
      "link": true
    },
    "node_modules/@dnb-org/standard-version-config": {
      "resolved": "../standard-version-config",
      "link": true
    },
    "node_modules/@dnb-org/stylelint-config": {
      "resolved": "../stylelint-config",
      "link": true
    },
    "node_modules/@dnb-org/tools": {
      "resolved": "../tools",
      "link": true
    },
    "node_modules/@dnb-org/webpack-config": {
      "resolved": "../webpack-config",
      "link": true
    }
  },
  "dependencies": {
    "@dnb-org/babel-config": {
      "version": "file:../babel-config",
      "requires": {
        "@babel/core": "7.16.0",
        "@babel/preset-env": "7.16.4"
      }
    },
    "@dnb-org/bootstrap-config": {
      "version": "file:../bootstrap-config",
      "requires": {
        "@popperjs/core": "2.11.0",
        "bootstrap": "5.1.3"
      }
    },
    "@dnb-org/browserslist-config": {
      "version": "file:../browserslist-config",
      "requires": {
        "browserslist": "4.18.1"
      }
    },
    "@dnb-org/commitlint-config": {
      "version": "file:../commitlint-config",
      "requires": {
        "@commitlint/cli": "15.0.0",
        "@commitlint/config-conventional": "15.0.0"
      }
    },
    "@dnb-org/cssnano-config": {
      "version": "file:../cssnano-config",
      "requires": {
        "cssnano": "5.0.12"
      }
    },
    "@dnb-org/cypress-config": {
      "version": "file:../cypress-config",
      "requires": {
        "cypress": "9.1.0",
        "debug": "4.3.3",
        "deepmerge": "4.2.2"
      }
    },
    "@dnb-org/eslint-config": {
      "version": "file:../eslint-config",
      "requires": {
        "@typescript-eslint/eslint-plugin": "^5.5.0",
        "@typescript-eslint/parser": "^5.5.0",
        "eslint": "^8.3.0",
        "eslint-config-airbnb-base": "^15.0.0",
        "eslint-config-prettier": "^8.3.0",
        "eslint-plugin-anti-trojan-source": "^1.0.6",
        "eslint-plugin-compat": "^4.0.0",
        "eslint-plugin-html": "^6.2.0",
        "eslint-plugin-import": "^2.25.3",
        "eslint-plugin-markdown": "^2.2.1",
        "eslint-plugin-no-loops": "^0.3.0",
        "eslint-plugin-prettier": "^4.0.0",
        "eslint-plugin-sonarjs": "^0.11.0",
        "eslint-plugin-unicorn": "^39.0.0"
      }
    },
    "@dnb-org/postcss-config": {
      "version": "file:../postcss-config",
      "requires": {
        "@fullhuman/postcss-purgecss": "4.1.3",
        "autoprefixer": "10.4.0",
        "cssnano": "5.0.12",
        "postcss": "8.4.4",
        "postcss-cli": "9.0.2",
        "postcss-import": "14.0.2",
        "postcss-loader": "6.2.1",
        "postcss-nesting": "10.0.2",
        "postcss-preset-env": "7.0.1",
        "postcss-purgecss": "2.0.3"
      }
    },
    "@dnb-org/standard-version-config": {
      "version": "file:../standard-version-config",
      "requires": {
        "standard-version": "9.3.2"
      }
    },
    "@dnb-org/stylelint-config": {
      "version": "file:../stylelint-config",
      "requires": {
        "stylelint": "14.1.0",
        "stylelint-config-sass-guidelines": "9.0.1",
        "stylelint-no-unsupported-browser-features": "5.0.2",
        "stylelint-order": "5.0.0"
      }
    },
    "@dnb-org/tools": {
      "version": "file:../tools",
      "requires": {
        "cross-env": "7.0.3",
        "fixpack": "4.0.0",
        "ncp": "2.0.0",
        "npm-run-all": "4.1.5",
        "replace-between": "0.0.8",
        "rimraf": "3.0.2"
      }
    },
    "@dnb-org/webpack-config": {
      "version": "file:../webpack-config",
      "requires": {
        "babel-loader": "8.2.3",
        "cross-env": "7.0.3",
        "css-loader": "6.5.1",
        "html-webpack-plugin": "5.5.0",
        "style-loader": "3.3.1",
        "terser-webpack-plugin": "5.2.5",
        "webpack": "5.64.4",
        "webpack-cli": "4.9.1",
        "webpack-merge": "5.8.0"
      }
    }
  }
}
